
Microsoft Visual Studio Solution File, Format Version 12.00
# Visual Studio 15
VisualStudioVersion = 15.0.26114.2
MinimumVisualStudioVersion = 10.0.40219.1
Project("{FAE04EC0-301F-11D3-BF4B-00C04F79EFBC}") = "BallsAndSkyscraper", "BallsAndSkyscraper\BallsAndSkyscraper.csproj", "{05D7E6E2-F4C4-4642-855D-8B9327302E99}"
EndProject
Project("{FAE04EC0-301F-11D3-BF4B-00C04F79EFBC}") = "ArrayElementEqualsIndex", "ArrayElementEqualsIndex\ArrayElementEqualsIndex.csproj", "{C9FA4FA9-B198-4200-83D5-7D6A377B4865}"
EndProject
Project("{FAE04EC0-301F-11D3-BF4B-00C04F79EFBC}") = "ArrayElementEqualsIndex.NetCore", "ArrayElementEqualsIndex.NetCore\ArrayElementEqualsIndex.NetCore.csproj", "{1844A156-6715-4F03-BCF1-A53F30CF7AC9}"
EndProject
Project("{FAE04EC0-301F-11D3-BF4B-00C04F79EFBC}") = "BallsAndSkyscraper.NetCore", "BallsAndSkyscraper.NetCore\BallsAndSkyscraper.NetCore.csproj", "{83E794A8-6DE3-404A-BDF4-DC2D7DAB6405}"
EndProject
Global
	GlobalSection(SolutionConfigurationPlatforms) = preSolution
		Debug|Any CPU = Debug|Any CPU
		Release|Any CPU = Release|Any CPU
	EndGlobalSection
	GlobalSection(ProjectConfigurationPlatforms) = postSolution
		{05D7E6E2-F4C4-4642-855D-8B9327302E99}.Debug|Any CPU.ActiveCfg = Debug|Any CPU
		{05D7E6E2-F4C4-4642-855D-8B9327302E99}.Debug|Any CPU.Build.0 = Debug|Any CPU
		{05D7E6E2-F4C4-4642-855D-8B9327302E99}.Release|Any CPU.ActiveCfg = Release|Any CPU
		{05D7E6E2-F4C4-4642-855D-8B9327302E99}.Release|Any CPU.Build.0 = Release|Any CPU
		{C9FA4FA9-B198-4200-83D5-7D6A377B4865}.Debug|Any CPU.ActiveCfg = Debug|Any CPU
		{C9FA4FA9-B198-4200-83D5-7D6A377B4865}.Debug|Any CPU.Build.0 = Debug|Any CPU
		{C9FA4FA9-B198-4200-83D5-7D6A377B4865}.Release|Any CPU.ActiveCfg = Release|Any CPU
		{C9FA4FA9-B198-4200-83D5-7D6A377B4865}.Release|Any CPU.Build.0 = Release|Any CPU
		{1844A156-6715-4F03-BCF1-A53F30CF7AC9}.Debug|Any CPU.ActiveCfg = Debug|Any CPU
		{1844A156-6715-4F03-BCF1-A53F30CF7AC9}.Debug|Any CPU.Build.0 = Debug|Any CPU
		{1844A156-6715-4F03-BCF1-A53F30CF7AC9}.Release|Any CPU.ActiveCfg = Release|Any CPU
		{1844A156-6715-4F03-BCF1-A53F30CF7AC9}.Release|Any CPU.Build.0 = Release|Any CPU
		{83E794A8-6DE3-404A-BDF4-DC2D7DAB6405}.Debug|Any CPU.ActiveCfg = Debug|Any CPU
		{83E794A8-6DE3-404A-BDF4-DC2D7DAB6405}.Debug|Any CPU.Build.0 = Debug|Any CPU
		{83E794A8-6DE3-404A-BDF4-DC2D7DAB6405}.Release|Any CPU.ActiveCfg = Release|Any CPU
		{83E794A8-6DE3-404A-BDF4-DC2D7DAB6405}.Release|Any CPU.Build.0 = Release|Any CPU
	EndGlobalSection
	GlobalSection(SolutionProperties) = preSolution
		HideSolutionNode = FALSE
	EndGlobalSection
EndGlobal
